
Microsoft Visual Studio Solution File, Format Version 12.00
# Visual Studio 2012
Project("{FAE04EC0-301F-11D3-BF4B-00C04F79EFBC}") = "Performant", "Performant\Performant.csproj", "{2C2C4799-E6CA-4F26-94FD-6D76F1AB87F2}"
EndProject
Project("{FAE04EC0-301F-11D3-BF4B-00C04F79EFBC}") = "ConsoleApp", "ConsoleApp\ConsoleApp.csproj", "{B647670B-8EF2-40EB-B2ED-39DFF0ACC9FC}"
EndProject
Project("{FAE04EC0-301F-11D3-BF4B-00C04F79EFBC}") = "MvcApp", "MvcApp\MvcApp.csproj", "{CFE41E0B-0F6A-4849-806A-8DB624585087}"
EndProject
Global
	GlobalSection(SolutionConfigurationPlatforms) = preSolution
		Debug|Any CPU = Debug|Any CPU
		Release|Any CPU = Release|Any CPU
	EndGlobalSection
	GlobalSection(ProjectConfigurationPlatforms) = postSolution
		{2C2C4799-E6CA-4F26-94FD-6D76F1AB87F2}.Debug|Any CPU.ActiveCfg = Debug|Any CPU
		{2C2C4799-E6CA-4F26-94FD-6D76F1AB87F2}.Debug|Any CPU.Build.0 = Debug|Any CPU
		{2C2C4799-E6CA-4F26-94FD-6D76F1AB87F2}.Release|Any CPU.ActiveCfg = Release|Any CPU
		{2C2C4799-E6CA-4F26-94FD-6D76F1AB87F2}.Release|Any CPU.Build.0 = Release|Any CPU
		{B647670B-8EF2-40EB-B2ED-39DFF0ACC9FC}.Debug|Any CPU.ActiveCfg = Debug|Any CPU
		{B647670B-8EF2-40EB-B2ED-39DFF0ACC9FC}.Debug|Any CPU.Build.0 = Debug|Any CPU
		{B647670B-8EF2-40EB-B2ED-39DFF0ACC9FC}.Release|Any CPU.ActiveCfg = Release|Any CPU
		{B647670B-8EF2-40EB-B2ED-39DFF0ACC9FC}.Release|Any CPU.Build.0 = Release|Any CPU
		{CFE41E0B-0F6A-4849-806A-8DB624585087}.Debug|Any CPU.ActiveCfg = Debug|Any CPU
		{CFE41E0B-0F6A-4849-806A-8DB624585087}.Debug|Any CPU.Build.0 = Debug|Any CPU
		{CFE41E0B-0F6A-4849-806A-8DB624585087}.Release|Any CPU.ActiveCfg = Release|Any CPU
		{CFE41E0B-0F6A-4849-806A-8DB624585087}.Release|Any CPU.Build.0 = Release|Any CPU
	EndGlobalSection
	GlobalSection(SolutionProperties) = preSolution
		HideSolutionNode = FALSE
	EndGlobalSection
EndGlobal
