
Microsoft Visual Studio Solution File, Format Version 12.00
# Visual Studio 2012
Project("{FAE04EC0-301F-11D3-BF4B-00C04F79EFBC}") = "TestConsoleApp", "TestConsoleApp\TestConsoleApp.csproj", "{21B30BE4-F4E3-49D6-8087-8BCBA2E2BA40}"
EndProject
Project("{FAE04EC0-301F-11D3-BF4B-00C04F79EFBC}") = "HelloWebApi", "HelloWebApi\HelloWebApi.csproj", "{8B029A1E-8387-4390-9182-E76CAE95196D}"
EndProject
Global
	GlobalSection(SolutionConfigurationPlatforms) = preSolution
		Debug|Any CPU = Debug|Any CPU
		Release|Any CPU = Release|Any CPU
	EndGlobalSection
	GlobalSection(ProjectConfigurationPlatforms) = postSolution
		{21B30BE4-F4E3-49D6-8087-8BCBA2E2BA40}.Debug|Any CPU.ActiveCfg = Debug|Any CPU
		{21B30BE4-F4E3-49D6-8087-8BCBA2E2BA40}.Debug|Any CPU.Build.0 = Debug|Any CPU
		{21B30BE4-F4E3-49D6-8087-8BCBA2E2BA40}.Release|Any CPU.ActiveCfg = Release|Any CPU
		{21B30BE4-F4E3-49D6-8087-8BCBA2E2BA40}.Release|Any CPU.Build.0 = Release|Any CPU
		{8B029A1E-8387-4390-9182-E76CAE95196D}.Debug|Any CPU.ActiveCfg = Debug|Any CPU
		{8B029A1E-8387-4390-9182-E76CAE95196D}.Debug|Any CPU.Build.0 = Debug|Any CPU
		{8B029A1E-8387-4390-9182-E76CAE95196D}.Release|Any CPU.ActiveCfg = Release|Any CPU
		{8B029A1E-8387-4390-9182-E76CAE95196D}.Release|Any CPU.Build.0 = Release|Any CPU
	EndGlobalSection
	GlobalSection(SolutionProperties) = preSolution
		HideSolutionNode = FALSE
	EndGlobalSection
EndGlobal
