
Microsoft Visual Studio Solution File, Format Version 12.00
# Visual Studio 2012
Project("{FAE04EC0-301F-11D3-BF4B-00C04F79EFBC}") = "HelloWebApi", "HelloWebApi\HelloWebApi.csproj", "{57561AA2-111A-4BED-90EB-8FA2DE1B8069}"
EndProject
Global
	GlobalSection(SolutionConfigurationPlatforms) = preSolution
		Debug|Any CPU = Debug|Any CPU
		Release|Any CPU = Release|Any CPU
	EndGlobalSection
	GlobalSection(ProjectConfigurationPlatforms) = postSolution
		{57561AA2-111A-4BED-90EB-8FA2DE1B8069}.Debug|Any CPU.ActiveCfg = Debug|Any CPU
		{57561AA2-111A-4BED-90EB-8FA2DE1B8069}.Debug|Any CPU.Build.0 = Debug|Any CPU
		{57561AA2-111A-4BED-90EB-8FA2DE1B8069}.Release|Any CPU.ActiveCfg = Release|Any CPU
		{57561AA2-111A-4BED-90EB-8FA2DE1B8069}.Release|Any CPU.Build.0 = Release|Any CPU
	EndGlobalSection
	GlobalSection(SolutionProperties) = preSolution
		HideSolutionNode = FALSE
	EndGlobalSection
EndGlobal
